
Microsoft Visual Studio Solution File, Format Version 12.00
# Visual Studio Version 16
VisualStudioVersion = 16.0.29123.89
MinimumVisualStudioVersion = 10.0.40219.1
Project("{9A19103F-16F7-4668-BE54-9A1E7A4F7556}") = "MyLeasing.Common", "MyLeasing.Common\MyLeasing.Common.csproj", "{59A34C41-4C37-4649-8714-04BE92096AD4}"
EndProject
Project("{9A19103F-16F7-4668-BE54-9A1E7A4F7556}") = "MyLeasing.Web", "MyLeasing.Web\MyLeasing.Web.csproj", "{F358123D-2115-4002-9343-96CF2C3C9CFC}"
EndProject
Project("{FAE04EC0-301F-11D3-BF4B-00C04F79EFBC}") = "MyLeasing.Prism", "MyLeasing.Prism\MyLeasing.Prism\MyLeasing.Prism.csproj", "{596BFEEF-8113-4795-A9B1-6146FD5E93B7}"
EndProject
Project("{FAE04EC0-301F-11D3-BF4B-00C04F79EFBC}") = "MyLeasing.Prism.Android", "MyLeasing.Prism\MyLeasing.Prism.Android\MyLeasing.Prism.Android.csproj", "{B6CB1524-F96D-44DB-85DC-16FD2556E85E}"
EndProject
Project("{FAE04EC0-301F-11D3-BF4B-00C04F79EFBC}") = "MyLeasing.Prism.iOS", "MyLeasing.Prism\MyLeasing.Prism.iOS\MyLeasing.Prism.iOS.csproj", "{62C4450B-152A-46C2-B81A-2EE89765D024}"
EndProject
Global
	GlobalSection(SolutionConfigurationPlatforms) = preSolution
		Ad-Hoc|Any CPU = Ad-Hoc|Any CPU
		Ad-Hoc|iPhone = Ad-Hoc|iPhone
		Ad-Hoc|iPhoneSimulator = Ad-Hoc|iPhoneSimulator
		AppStore|Any CPU = AppStore|Any CPU
		AppStore|iPhone = AppStore|iPhone
		AppStore|iPhoneSimulator = AppStore|iPhoneSimulator
		Debug|Any CPU = Debug|Any CPU
		Debug|iPhone = Debug|iPhone
		Debug|iPhoneSimulator = Debug|iPhoneSimulator
		Release|Any CPU = Release|Any CPU
		Release|iPhone = Release|iPhone
		Release|iPhoneSimulator = Release|iPhoneSimulator
	EndGlobalSection
	GlobalSection(ProjectConfigurationPlatforms) = postSolution
		{59A34C41-4C37-4649-8714-04BE92096AD4}.Ad-Hoc|Any CPU.ActiveCfg = Release|Any CPU
		{59A34C41-4C37-4649-8714-04BE92096AD4}.Ad-Hoc|Any CPU.Build.0 = Release|Any CPU
		{59A34C41-4C37-4649-8714-04BE92096AD4}.Ad-Hoc|iPhone.ActiveCfg = Release|Any CPU
		{59A34C41-4C37-4649-8714-04BE92096AD4}.Ad-Hoc|iPhone.Build.0 = Release|Any CPU
		{59A34C41-4C37-4649-8714-04BE92096AD4}.Ad-Hoc|iPhoneSimulator.ActiveCfg = Release|Any CPU
		{59A34C41-4C37-4649-8714-04BE92096AD4}.Ad-Hoc|iPhoneSimulator.Build.0 = Release|Any CPU
		{59A34C41-4C37-4649-8714-04BE92096AD4}.AppStore|Any CPU.ActiveCfg = Release|Any CPU
		{59A34C41-4C37-4649-8714-04BE92096AD4}.AppStore|Any CPU.Build.0 = Release|Any CPU
		{59A34C41-4C37-4649-8714-04BE92096AD4}.AppStore|iPhone.ActiveCfg = Release|Any CPU
		{59A34C41-4C37-4649-8714-04BE92096AD4}.AppStore|iPhone.Build.0 = Release|Any CPU
		{59A34C41-4C37-4649-8714-04BE92096AD4}.AppStore|iPhoneSimulator.ActiveCfg = Release|Any CPU
		{59A34C41-4C37-4649-8714-04BE92096AD4}.AppStore|iPhoneSimulator.Build.0 = Release|Any CPU
		{59A34C41-4C37-4649-8714-04BE92096AD4}.Debug|Any CPU.ActiveCfg = Debug|Any CPU
		{59A34C41-4C37-4649-8714-04BE92096AD4}.Debug|Any CPU.Build.0 = Debug|Any CPU
		{59A34C41-4C37-4649-8714-04BE92096AD4}.Debug|iPhone.ActiveCfg = Debug|Any CPU
		{59A34C41-4C37-4649-8714-04BE92096AD4}.Debug|iPhone.Build.0 = Debug|Any CPU
		{59A34C41-4C37-4649-8714-04BE92096AD4}.Debug|iPhoneSimulator.ActiveCfg = Debug|Any CPU
		{59A34C41-4C37-4649-8714-04BE92096AD4}.Debug|iPhoneSimulator.Build.0 = Debug|Any CPU
		{59A34C41-4C37-4649-8714-04BE92096AD4}.Release|Any CPU.ActiveCfg = Release|Any CPU
		{59A34C41-4C37-4649-8714-04BE92096AD4}.Release|Any CPU.Build.0 = Release|Any CPU
		{59A34C41-4C37-4649-8714-04BE92096AD4}.Release|iPhone.ActiveCfg = Release|Any CPU
		{59A34C41-4C37-4649-8714-04BE92096AD4}.Release|iPhone.Build.0 = Release|Any CPU
		{59A34C41-4C37-4649-8714-04BE92096AD4}.Release|iPhoneSimulator.ActiveCfg = Release|Any CPU
		{59A34C41-4C37-4649-8714-04BE92096AD4}.Release|iPhoneSimulator.Build.0 = Release|Any CPU
		{F358123D-2115-4002-9343-96CF2C3C9CFC}.Ad-Hoc|Any CPU.ActiveCfg = Release|Any CPU
		{F358123D-2115-4002-9343-96CF2C3C9CFC}.Ad-Hoc|Any CPU.Build.0 = Release|Any CPU
		{F358123D-2115-4002-9343-96CF2C3C9CFC}.Ad-Hoc|iPhone.ActiveCfg = Release|Any CPU
		{F358123D-2115-4002-9343-96CF2C3C9CFC}.Ad-Hoc|iPhone.Build.0 = Release|Any CPU
		{F358123D-2115-4002-9343-96CF2C3C9CFC}.Ad-Hoc|iPhoneSimulator.ActiveCfg = Release|Any CPU
		{F358123D-2115-4002-9343-96CF2C3C9CFC}.Ad-Hoc|iPhoneSimulator.Build.0 = Release|Any CPU
		{F358123D-2115-4002-9343-96CF2C3C9CFC}.AppStore|Any CPU.ActiveCfg = Release|Any CPU
		{F358123D-2115-4002-9343-96CF2C3C9CFC}.AppStore|Any CPU.Build.0 = Release|Any CPU
		{F358123D-2115-4002-9343-96CF2C3C9CFC}.AppStore|iPhone.ActiveCfg = Release|Any CPU
		{F358123D-2115-4002-9343-96CF2C3C9CFC}.AppStore|iPhone.Build.0 = Release|Any CPU
		{F358123D-2115-4002-9343-96CF2C3C9CFC}.AppStore|iPhoneSimulator.ActiveCfg = Release|Any CPU
		{F358123D-2115-4002-9343-96CF2C3C9CFC}.AppStore|iPhoneSimulator.Build.0 = Release|Any CPU
		{F358123D-2115-4002-9343-96CF2C3C9CFC}.Debug|Any CPU.ActiveCfg = Debug|Any CPU
		{F358123D-2115-4002-9343-96CF2C3C9CFC}.Debug|Any CPU.Build.0 = Debug|Any CPU
		{F358123D-2115-4002-9343-96CF2C3C9CFC}.Debug|iPhone.ActiveCfg = Debug|Any CPU
		{F358123D-2115-4002-9343-96CF2C3C9CFC}.Debug|iPhone.Build.0 = Debug|Any CPU
		{F358123D-2115-4002-9343-96CF2C3C9CFC}.Debug|iPhoneSimulator.ActiveCfg = Debug|Any CPU
		{F358123D-2115-4002-9343-96CF2C3C9CFC}.Debug|iPhoneSimulator.Build.0 = Debug|Any CPU
		{F358123D-2115-4002-9343-96CF2C3C9CFC}.Release|Any CPU.ActiveCfg = Release|Any CPU
		{F358123D-2115-4002-9343-96CF2C3C9CFC}.Release|Any CPU.Build.0 = Release|Any CPU
		{F358123D-2115-4002-9343-96CF2C3C9CFC}.Release|iPhone.ActiveCfg = Release|Any CPU
		{F358123D-2115-4002-9343-96CF2C3C9CFC}.Release|iPhone.Build.0 = Release|Any CPU
		{F358123D-2115-4002-9343-96CF2C3C9CFC}.Release|iPhoneSimulator.ActiveCfg = Release|Any CPU
		{F358123D-2115-4002-9343-96CF2C3C9CFC}.Release|iPhoneSimulator.Build.0 = Release|Any CPU
		{596BFEEF-8113-4795-A9B1-6146FD5E93B7}.Ad-Hoc|Any CPU.ActiveCfg = Debug|Any CPU
		{596BFEEF-8113-4795-A9B1-6146FD5E93B7}.Ad-Hoc|Any CPU.Build.0 = Debug|Any CPU
		{596BFEEF-8113-4795-A9B1-6146FD5E93B7}.Ad-Hoc|iPhone.ActiveCfg = Debug|Any CPU
		{596BFEEF-8113-4795-A9B1-6146FD5E93B7}.Ad-Hoc|iPhone.Build.0 = Debug|Any CPU
		{596BFEEF-8113-4795-A9B1-6146FD5E93B7}.Ad-Hoc|iPhoneSimulator.ActiveCfg = Debug|Any CPU
		{596BFEEF-8113-4795-A9B1-6146FD5E93B7}.Ad-Hoc|iPhoneSimulator.Build.0 = Debug|Any CPU
		{596BFEEF-8113-4795-A9B1-6146FD5E93B7}.AppStore|Any CPU.ActiveCfg = Debug|Any CPU
		{596BFEEF-8113-4795-A9B1-6146FD5E93B7}.AppStore|Any CPU.Build.0 = Debug|Any CPU
		{596BFEEF-8113-4795-A9B1-6146FD5E93B7}.AppStore|iPhone.ActiveCfg = Debug|Any CPU
		{596BFEEF-8113-4795-A9B1-6146FD5E93B7}.AppStore|iPhone.Build.0 = Debug|Any CPU
		{596BFEEF-8113-4795-A9B1-6146FD5E93B7}.AppStore|iPhoneSimulator.ActiveCfg = Debug|Any CPU
		{596BFEEF-8113-4795-A9B1-6146FD5E93B7}.AppStore|iPhoneSimulator.Build.0 = Debug|Any CPU
		{596BFEEF-8113-4795-A9B1-6146FD5E93B7}.Debug|Any CPU.ActiveCfg = Debug|Any CPU
		{596BFEEF-8113-4795-A9B1-6146FD5E93B7}.Debug|Any CPU.Build.0 = Debug|Any CPU
		{596BFEEF-8113-4795-A9B1-6146FD5E93B7}.Debug|iPhone.ActiveCfg = Debug|Any CPU
		{596BFEEF-8113-4795-A9B1-6146FD5E93B7}.Debug|iPhone.Build.0 = Debug|Any CPU
		{596BFEEF-8113-4795-A9B1-6146FD5E93B7}.Debug|iPhoneSimulator.ActiveCfg = Debug|Any CPU
		{596BFEEF-8113-4795-A9B1-6146FD5E93B7}.Debug|iPhoneSimulator.Build.0 = Debug|Any CPU
		{596BFEEF-8113-4795-A9B1-6146FD5E93B7}.Release|Any CPU.ActiveCfg = Release|Any CPU
		{596BFEEF-8113-4795-A9B1-6146FD5E93B7}.Release|Any CPU.Build.0 = Release|Any CPU
		{596BFEEF-8113-4795-A9B1-6146FD5E93B7}.Release|iPhone.ActiveCfg = Release|Any CPU
		{596BFEEF-8113-4795-A9B1-6146FD5E93B7}.Release|iPhone.Build.0 = Release|Any CPU
		{596BFEEF-8113-4795-A9B1-6146FD5E93B7}.Release|iPhoneSimulator.ActiveCfg = Release|Any CPU
		{596BFEEF-8113-4795-A9B1-6146FD5E93B7}.Release|iPhoneSimulator.Build.0 = Release|Any CPU
		{B6CB1524-F96D-44DB-85DC-16FD2556E85E}.Ad-Hoc|Any CPU.ActiveCfg = Release|Any CPU
		{B6CB1524-F96D-44DB-85DC-16FD2556E85E}.Ad-Hoc|Any CPU.Build.0 = Release|Any CPU
		{B6CB1524-F96D-44DB-85DC-16FD2556E85E}.Ad-Hoc|Any CPU.Deploy.0 = Release|Any CPU
		{B6CB1524-F96D-44DB-85DC-16FD2556E85E}.Ad-Hoc|iPhone.ActiveCfg = Release|Any CPU
		{B6CB1524-F96D-44DB-85DC-16FD2556E85E}.Ad-Hoc|iPhone.Build.0 = Release|Any CPU
		{B6CB1524-F96D-44DB-85DC-16FD2556E85E}.Ad-Hoc|iPhone.Deploy.0 = Release|Any CPU
		{B6CB1524-F96D-44DB-85DC-16FD2556E85E}.Ad-Hoc|iPhoneSimulator.ActiveCfg = Release|Any CPU
		{B6CB1524-F96D-44DB-85DC-16FD2556E85E}.Ad-Hoc|iPhoneSimulator.Build.0 = Release|Any CPU
		{B6CB1524-F96D-44DB-85DC-16FD2556E85E}.Ad-Hoc|iPhoneSimulator.Deploy.0 = Release|Any CPU
		{B6CB1524-F96D-44DB-85DC-16FD2556E85E}.AppStore|Any CPU.ActiveCfg = Release|Any CPU
		{B6CB1524-F96D-44DB-85DC-16FD2556E85E}.AppStore|Any CPU.Build.0 = Release|Any CPU
		{B6CB1524-F96D-44DB-85DC-16FD2556E85E}.AppStore|Any CPU.Deploy.0 = Release|Any CPU
		{B6CB1524-F96D-44DB-85DC-16FD2556E85E}.AppStore|iPhone.ActiveCfg = Release|Any CPU
		{B6CB1524-F96D-44DB-85DC-16FD2556E85E}.AppStore|iPhone.Build.0 = Release|Any CPU
		{B6CB1524-F96D-44DB-85DC-16FD2556E85E}.AppStore|iPhone.Deploy.0 = Release|Any CPU
		{B6CB1524-F96D-44DB-85DC-16FD2556E85E}.AppStore|iPhoneSimulator.ActiveCfg = Release|Any CPU
		{B6CB1524-F96D-44DB-85DC-16FD2556E85E}.AppStore|iPhoneSimulator.Build.0 = Release|Any CPU
		{B6CB1524-F96D-44DB-85DC-16FD2556E85E}.AppStore|iPhoneSimulator.Deploy.0 = Release|Any CPU
		{B6CB1524-F96D-44DB-85DC-16FD2556E85E}.Debug|Any CPU.ActiveCfg = Debug|Any CPU
		{B6CB1524-F96D-44DB-85DC-16FD2556E85E}.Debug|Any CPU.Build.0 = Debug|Any CPU
		{B6CB1524-F96D-44DB-85DC-16FD2556E85E}.Debug|Any CPU.Deploy.0 = Debug|Any CPU
		{B6CB1524-F96D-44DB-85DC-16FD2556E85E}.Debug|iPhone.ActiveCfg = Debug|Any CPU
		{B6CB1524-F96D-44DB-85DC-16FD2556E85E}.Debug|iPhone.Build.0 = Debug|Any CPU
		{B6CB1524-F96D-44DB-85DC-16FD2556E85E}.Debug|iPhone.Deploy.0 = Debug|Any CPU
		{B6CB1524-F96D-44DB-85DC-16FD2556E85E}.Debug|iPhoneSimulator.ActiveCfg = Debug|Any CPU
		{B6CB1524-F96D-44DB-85DC-16FD2556E85E}.Debug|iPhoneSimulator.Build.0 = Debug|Any CPU
		{B6CB1524-F96D-44DB-85DC-16FD2556E85E}.Debug|iPhoneSimulator.Deploy.0 = Debug|Any CPU
		{B6CB1524-F96D-44DB-85DC-16FD2556E85E}.Release|Any CPU.ActiveCfg = Release|Any CPU
		{B6CB1524-F96D-44DB-85DC-16FD2556E85E}.Release|Any CPU.Build.0 = Release|Any CPU
		{B6CB1524-F96D-44DB-85DC-16FD2556E85E}.Release|Any CPU.Deploy.0 = Release|Any CPU
		{B6CB1524-F96D-44DB-85DC-16FD2556E85E}.Release|iPhone.ActiveCfg = Release|Any CPU
		{B6CB1524-F96D-44DB-85DC-16FD2556E85E}.Release|iPhone.Build.0 = Release|Any CPU
		{B6CB1524-F96D-44DB-85DC-16FD2556E85E}.Release|iPhone.Deploy.0 = Release|Any CPU
		{B6CB1524-F96D-44DB-85DC-16FD2556E85E}.Release|iPhoneSimulator.ActiveCfg = Release|Any CPU
		{B6CB1524-F96D-44DB-85DC-16FD2556E85E}.Release|iPhoneSimulator.Build.0 = Release|Any CPU
		{B6CB1524-F96D-44DB-85DC-16FD2556E85E}.Release|iPhoneSimulator.Deploy.0 = Release|Any CPU
		{62C4450B-152A-46C2-B81A-2EE89765D024}.Ad-Hoc|Any CPU.ActiveCfg = Ad-Hoc|iPhone
		{62C4450B-152A-46C2-B81A-2EE89765D024}.Ad-Hoc|iPhone.ActiveCfg = Ad-Hoc|iPhone
		{62C4450B-152A-46C2-B81A-2EE89765D024}.Ad-Hoc|iPhone.Build.0 = Ad-Hoc|iPhone
		{62C4450B-152A-46C2-B81A-2EE89765D024}.Ad-Hoc|iPhoneSimulator.ActiveCfg = Ad-Hoc|iPhoneSimulator
		{62C4450B-152A-46C2-B81A-2EE89765D024}.Ad-Hoc|iPhoneSimulator.Build.0 = Ad-Hoc|iPhoneSimulator
		{62C4450B-152A-46C2-B81A-2EE89765D024}.AppStore|Any CPU.ActiveCfg = AppStore|iPhone
		{62C4450B-152A-46C2-B81A-2EE89765D024}.AppStore|iPhone.ActiveCfg = AppStore|iPhone
		{62C4450B-152A-46C2-B81A-2EE89765D024}.AppStore|iPhone.Build.0 = AppStore|iPhone
		{62C4450B-152A-46C2-B81A-2EE89765D024}.AppStore|iPhoneSimulator.ActiveCfg = AppStore|iPhoneSimulator
		{62C4450B-152A-46C2-B81A-2EE89765D024}.AppStore|iPhoneSimulator.Build.0 = AppStore|iPhoneSimulator
		{62C4450B-152A-46C2-B81A-2EE89765D024}.Debug|Any CPU.ActiveCfg = Debug|iPhone
		{62C4450B-152A-46C2-B81A-2EE89765D024}.Debug|iPhone.ActiveCfg = Debug|iPhone
		{62C4450B-152A-46C2-B81A-2EE89765D024}.Debug|iPhone.Build.0 = Debug|iPhone
		{62C4450B-152A-46C2-B81A-2EE89765D024}.Debug|iPhoneSimulator.ActiveCfg = Debug|iPhoneSimulator
		{62C4450B-152A-46C2-B81A-2EE89765D024}.Debug|iPhoneSimulator.Build.0 = Debug|iPhoneSimulator
		{62C4450B-152A-46C2-B81A-2EE89765D024}.Release|Any CPU.ActiveCfg = Release|iPhone
		{62C4450B-152A-46C2-B81A-2EE89765D024}.Release|iPhone.ActiveCfg = Release|iPhone
		{62C4450B-152A-46C2-B81A-2EE89765D024}.Release|iPhone.Build.0 = Release|iPhone
		{62C4450B-152A-46C2-B81A-2EE89765D024}.Release|iPhoneSimulator.ActiveCfg = Release|iPhoneSimulator
		{62C4450B-152A-46C2-B81A-2EE89765D024}.Release|iPhoneSimulator.Build.0 = Release|iPhoneSimulator
	EndGlobalSection
	GlobalSection(SolutionProperties) = preSolution
		HideSolutionNode = FALSE
	EndGlobalSection
	GlobalSection(ExtensibilityGlobals) = postSolution
		SolutionGuid = {3CB0AD64-CB39-43A7-AC5B-5459CA1D35B9}
	EndGlobalSection
EndGlobal
